{
  "requires": true,
  "lockfileVersion": 1,
  "dependencies": {
    "@webcomponents/webcomponentsjs": {
      "version": "2.0.3",
      "resolved": "https://registry.npmjs.org/@webcomponents/webcomponentsjs/-/webcomponentsjs-2.0.3.tgz",
      "integrity": "sha512-MAXeE34PaC2gDVNKa+YLkRvnIBezIslR8AHoS/E8nOYuFL0qUcOD4L7/BBZOrNtxMRrNTCvtkXL7TrEmYmyQiQ=="
    }
  }
}
